
Microsoft Visual Studio Solution File, Format Version 12.00
# Visual Studio Version 17
VisualStudioVersion = 17.5.33516.290
MinimumVisualStudioVersion = 10.0.40219.1
Project("{FAE04EC0-301F-11D3-BF4B-00C04F79EFBC}") = "CartasPapaiNoel", "CartasPapaiNoel\CartasPapaiNoel.csproj", "{B3FDB059-0443-4223-BA71-C62A1C144239}"
EndProject
Global
	GlobalSection(SolutionConfigurationPlatforms) = preSolution
		Debug|Any CPU = Debug|Any CPU
		Release|Any CPU = Release|Any CPU
	EndGlobalSection
	GlobalSection(ProjectConfigurationPlatforms) = postSolution
		{B3FDB059-0443-4223-BA71-C62A1C144239}.Debug|Any CPU.ActiveCfg = Debug|Any CPU
		{B3FDB059-0443-4223-BA71-C62A1C144239}.Debug|Any CPU.Build.0 = Debug|Any CPU
		{B3FDB059-0443-4223-BA71-C62A1C144239}.Release|Any CPU.ActiveCfg = Release|Any CPU
		{B3FDB059-0443-4223-BA71-C62A1C144239}.Release|Any CPU.Build.0 = Release|Any CPU
	EndGlobalSection
	GlobalSection(SolutionProperties) = preSolution
		HideSolutionNode = FALSE
	EndGlobalSection
	GlobalSection(ExtensibilityGlobals) = postSolution
		SolutionGuid = {6C7C3B9A-50A3-44EB-83D5-2325173137E1}
	EndGlobalSection
EndGlobal
